<?xml version="1.0" encoding="UTF-8" standalone="yes" ?>
<CodeBlocks_project_file>
	<FileVersion major="1" minor="6" />
	<Project>
		<Option title="The Commemoration of White Light" />
		<Option makefile="makefile" />
		<Option pch_mode="2" />
		<Option compiler="gcc" />
		<Build>
			<Target title="windebug32">
				<Option output="../bin/windebug32/The Commemoration of White Light" prefix_auto="1" extension_auto="1" />
				<Option working_dir="../res" />
				<Option object_output="../obj/windebug32/" />
				<Option type="1" />
				<Option compiler="gcc" />
				<Option parameters="-server" />
				<Compiler>
					<Add option="-std=c++0x" />
					<Add option="-g" />
					<Add directory="../../SDL2/include" />
				</Compiler>
				<Linker>
					<Add option="-lmingw32" />
					<Add option="-lSDL2main -lSDL2" />
					<Add option="-lSDL2_image" />
					<Add option="-lSDL2_mixer" />
					<Add option="-lSDL2_net" />
					<Add directory="../../SDL2/lib" />
				</Linker>
			</Target>
			<Target title="winrelease32">
				<Option output="../bin/winrelease32/The Commemoration of White Light.exe" prefix_auto="0" extension_auto="0" />
				<Option working_dir="../res" />
				<Option object_output="../obj/winrelease32/" />
				<Option type="0" />
				<Option compiler="gcc" />
				<Compiler>
					<Add option="-O2" />
					<Add option="-std=c++0x" />
					<Add directory="../../SDL2_64/include" />
				</Compiler>
				<Linker>
					<Add option="-s" />
					<Add option="-lmingw32" />
					<Add option="-lSDL2main -lSDL2" />
					<Add option="-lSDL2_image" />
					<Add option="-lSDL2_mixer" />
				</Linker>
			</Target>
			<Target title="linux">
				<Option output="../bin/linux/The Commemoration of White Light" prefix_auto="1" extension_auto="1" />
				<Option working_dir="../res" />
				<Option object_output="../obj/linux/" />
				<Option type="1" />
				<Option compiler="gcc" />
				<Compiler>
					<Add option="-std=c++0x" />
				</Compiler>
				<Linker>
					<Add option="-lSDL2" />
					<Add option="-lSDL2_image" />
				</Linker>
			</Target>
			<Target title="linux_debian">
				<Option output="../bin/linux/The Commemoration of White Light" prefix_auto="1" extension_auto="1" />
				<Option working_dir="../res" />
				<Option object_output="../obj/linux_debian/" />
				<Option type="1" />
				<Option compiler="gcc" />
				<Compiler>
					<Add option="-std=c++0x" />
					<Add option="-DIMADEBIAN" />
				</Compiler>
				<Linker>
					<Add option="-lSDL2" />
					<Add option="-lSDL2_image" />
				</Linker>
			</Target>
		</Build>
		<Compiler>
			<Add option="-Wall" />
		</Compiler>
		<Unit filename="main.cpp" />
		<Unit filename="resource.rc">
			<Option compilerVar="WINDRES" />
		</Unit>
		<Unit filename="sdl_init.cpp" />
		<Unit filename="sdl_init.h" />
		<Extensions>
			<code_completion />
			<envvars />
			<debugger />
			<lib_finder disable_auto="1" />
			<DoxyBlocks>
				<comment_style block="0" line="0" />
				<doxyfile_project />
				<doxyfile_build />
				<doxyfile_warnings />
				<doxyfile_output />
				<doxyfile_dot />
				<general />
			</DoxyBlocks>
		</Extensions>
	</Project>
</CodeBlocks_project_file>
